
Microsoft Visual Studio Solution File, Format Version 12.00
# Visual Studio Version 17
VisualStudioVersion = 17.13.35931.197 d17.13
MinimumVisualStudioVersion = 10.0.40219.1
Project("{FAE04EC0-301F-11D3-BF4B-00C04F79EFBC}") = "PropertyApi.Application", "PropertyApi.Application\PropertyApi.Application.csproj", "{B6BBF312-C03F-4819-9F43-A39ED0EDFBB2}"
EndProject
Project("{FAE04EC0-301F-11D3-BF4B-00C04F79EFBC}") = "PropertyApi.Domain", "PropertyApi.Domain\PropertyApi.Domain.csproj", "{5938FBF9-C55E-4571-80C5-992F7DA2FF1D}"
EndProject
Project("{FAE04EC0-301F-11D3-BF4B-00C04F79EFBC}") = "PropertyApi.Infrastructure", "PropertyApi.Infrastructure\PropertyApi.Infrastructure.csproj", "{6202FAA5-6B75-4810-8E5D-205C8992038B}"
EndProject
Project("{FAE04EC0-301F-11D3-BF4B-00C04F79EFBC}") = "PropertyApi.Presentation", "PropertyApi.Presentation\PropertyApi.Presentation.csproj", "{072E08B0-E217-40DC-BAFB-49C8EF7DDF51}"
EndProject
Global
	GlobalSection(SolutionConfigurationPlatforms) = preSolution
		Debug|Any CPU = Debug|Any CPU
		Release|Any CPU = Release|Any CPU
	EndGlobalSection
	GlobalSection(ProjectConfigurationPlatforms) = postSolution
		{B6BBF312-C03F-4819-9F43-A39ED0EDFBB2}.Debug|Any CPU.ActiveCfg = Debug|Any CPU
		{B6BBF312-C03F-4819-9F43-A39ED0EDFBB2}.Debug|Any CPU.Build.0 = Debug|Any CPU
		{B6BBF312-C03F-4819-9F43-A39ED0EDFBB2}.Release|Any CPU.ActiveCfg = Release|Any CPU
		{B6BBF312-C03F-4819-9F43-A39ED0EDFBB2}.Release|Any CPU.Build.0 = Release|Any CPU
		{5938FBF9-C55E-4571-80C5-992F7DA2FF1D}.Debug|Any CPU.ActiveCfg = Debug|Any CPU
		{5938FBF9-C55E-4571-80C5-992F7DA2FF1D}.Debug|Any CPU.Build.0 = Debug|Any CPU
		{5938FBF9-C55E-4571-80C5-992F7DA2FF1D}.Release|Any CPU.ActiveCfg = Release|Any CPU
		{5938FBF9-C55E-4571-80C5-992F7DA2FF1D}.Release|Any CPU.Build.0 = Release|Any CPU
		{6202FAA5-6B75-4810-8E5D-205C8992038B}.Debug|Any CPU.ActiveCfg = Debug|Any CPU
		{6202FAA5-6B75-4810-8E5D-205C8992038B}.Debug|Any CPU.Build.0 = Debug|Any CPU
		{6202FAA5-6B75-4810-8E5D-205C8992038B}.Release|Any CPU.ActiveCfg = Release|Any CPU
		{6202FAA5-6B75-4810-8E5D-205C8992038B}.Release|Any CPU.Build.0 = Release|Any CPU
		{072E08B0-E217-40DC-BAFB-49C8EF7DDF51}.Debug|Any CPU.ActiveCfg = Debug|Any CPU
		{072E08B0-E217-40DC-BAFB-49C8EF7DDF51}.Debug|Any CPU.Build.0 = Debug|Any CPU
		{072E08B0-E217-40DC-BAFB-49C8EF7DDF51}.Release|Any CPU.ActiveCfg = Release|Any CPU
		{072E08B0-E217-40DC-BAFB-49C8EF7DDF51}.Release|Any CPU.Build.0 = Release|Any CPU
	EndGlobalSection
	GlobalSection(SolutionProperties) = preSolution
		HideSolutionNode = FALSE
	EndGlobalSection
	GlobalSection(ExtensibilityGlobals) = postSolution
		SolutionGuid = {A985BD3D-EBD9-4588-BAB7-16701167DE3D}
	EndGlobalSection
EndGlobal
